
Microsoft Visual Studio Solution File, Format Version 12.00
# Visual Studio Version 16
VisualStudioVersion = 16.0.28803.202
MinimumVisualStudioVersion = 10.0.40219.1
Project("{FAE04EC0-301F-11D3-BF4B-00C04F79EFBC}") = "poker-displayer", "poker-displayer\poker-displayer.csproj", "{FBA9BD63-2052-4A44-9545-1D56DFEC77F9}"
EndProject
Global
	GlobalSection(SolutionConfigurationPlatforms) = preSolution
		Debug|Any CPU = Debug|Any CPU
		Release|Any CPU = Release|Any CPU
	EndGlobalSection
	GlobalSection(ProjectConfigurationPlatforms) = postSolution
		{FBA9BD63-2052-4A44-9545-1D56DFEC77F9}.Debug|Any CPU.ActiveCfg = Debug|Any CPU
		{FBA9BD63-2052-4A44-9545-1D56DFEC77F9}.Debug|Any CPU.Build.0 = Debug|Any CPU
		{FBA9BD63-2052-4A44-9545-1D56DFEC77F9}.Release|Any CPU.ActiveCfg = Release|Any CPU
		{FBA9BD63-2052-4A44-9545-1D56DFEC77F9}.Release|Any CPU.Build.0 = Release|Any CPU
	EndGlobalSection
	GlobalSection(SolutionProperties) = preSolution
		HideSolutionNode = FALSE
	EndGlobalSection
	GlobalSection(ExtensibilityGlobals) = postSolution
		SolutionGuid = {47BC7294-51F5-4B98-8CA3-83208797D90A}
	EndGlobalSection
EndGlobal
